
Microsoft Visual Studio Solution File, Format Version 12.00
# Visual Studio 15
VisualStudioVersion = 15.0.28307.1022
MinimumVisualStudioVersion = 10.0.40219.1
Project("{FAE04EC0-301F-11D3-BF4B-00C04F79EFBC}") = "CSharpHomework", "CSharpHomework\CSharpHomework.csproj", "{A56CFD39-9CB6-4B87-B642-4B243832270D}"
EndProject
Global
	GlobalSection(SolutionConfigurationPlatforms) = preSolution
		Debug|Any CPU = Debug|Any CPU
		Release|Any CPU = Release|Any CPU
	EndGlobalSection
	GlobalSection(ProjectConfigurationPlatforms) = postSolution
		{A56CFD39-9CB6-4B87-B642-4B243832270D}.Debug|Any CPU.ActiveCfg = Debug|Any CPU
		{A56CFD39-9CB6-4B87-B642-4B243832270D}.Debug|Any CPU.Build.0 = Debug|Any CPU
		{A56CFD39-9CB6-4B87-B642-4B243832270D}.Release|Any CPU.ActiveCfg = Release|Any CPU
		{A56CFD39-9CB6-4B87-B642-4B243832270D}.Release|Any CPU.Build.0 = Release|Any CPU
	EndGlobalSection
	GlobalSection(SolutionProperties) = preSolution
		HideSolutionNode = FALSE
	EndGlobalSection
	GlobalSection(ExtensibilityGlobals) = postSolution
		SolutionGuid = {7E6DA928-D8B1-404E-9F90-A634177F1970}
	EndGlobalSection
EndGlobal
